
Microsoft Visual Studio Solution File, Format Version 12.00
# Visual Studio Version 16
VisualStudioVersion = 16.0.30907.101
MinimumVisualStudioVersion = 10.0.40219.1
Project("{FAE04EC0-301F-11D3-BF4B-00C04F79EFBC}") = "CardSort", "CardSort\CardSort.csproj", "{C1F17F0D-FDAF-4BE0-9F71-E29460E2BBE4}"
EndProject
Global
	GlobalSection(SolutionConfigurationPlatforms) = preSolution
		Debug|Any CPU = Debug|Any CPU
		Release|Any CPU = Release|Any CPU
	EndGlobalSection
	GlobalSection(ProjectConfigurationPlatforms) = postSolution
		{C1F17F0D-FDAF-4BE0-9F71-E29460E2BBE4}.Debug|Any CPU.ActiveCfg = Debug|Any CPU
		{C1F17F0D-FDAF-4BE0-9F71-E29460E2BBE4}.Debug|Any CPU.Build.0 = Debug|Any CPU
		{C1F17F0D-FDAF-4BE0-9F71-E29460E2BBE4}.Release|Any CPU.ActiveCfg = Release|Any CPU
		{C1F17F0D-FDAF-4BE0-9F71-E29460E2BBE4}.Release|Any CPU.Build.0 = Release|Any CPU
	EndGlobalSection
	GlobalSection(SolutionProperties) = preSolution
		HideSolutionNode = FALSE
	EndGlobalSection
	GlobalSection(ExtensibilityGlobals) = postSolution
		SolutionGuid = {6E22DEDA-4090-4C3E-9140-EA3DC5572204}
	EndGlobalSection
EndGlobal
